{"SurveyEntry":{"SurveyID":"SV_3IQqdgyFCeLd0BD","SurveyName":"ds4biomed student self-assessment (persona)","SurveyDescription":null,"SurveyOwnerID":"UR_cVnwZU4QO1354H3","SurveyBrandID":"virginiatech","DivisionID":null,"SurveyLanguage":"EN","SurveyActiveResponseSet":"RS_6m0dZhov4Lshlbf","SurveyStatus":"Inactive","SurveyStartDate":"0000-00-00 00:00:00","SurveyExpirationDate":"0000-00-00 00:00:00","SurveyCreationDate":"2020-05-05 08:37:28","CreatorID":"UR_cVnwZU4QO1354H3","LastModified":"2021-11-28 20:50:49","LastAccessed":"0000-00-00 00:00:00","LastActivated":"2021-08-04 10:15:46","Deleted":null},"SurveyElements":[{"SurveyID":"SV_3IQqdgyFCeLd0BD","Element":"BL","PrimaryAttribute":"Survey Blocks","SecondaryAttribute":null,"TertiaryAttribute":null,"Payload":[{"Type":"Default","Description":"Demographics","ID":"BL_ekEntccTK9NdIb3","BlockElements":[{"Type":"Question","QuestionID":"QID22"},{"Type":"Question","QuestionID":"QID1"},{"Type":"Question","QuestionID":"QID2"},{"Type":"Question","QuestionID":"QID3"},{"Type":"Question","QuestionID":"QID4"},{"Type":"Question","QuestionID":"QID5"}],"Options":{"BlockLocking":"false","RandomizeQuestions":"false","BlockVisibility":"Expanded"}},{"Type":"Trash","Description":"Trash \/ Unused Questions","ID":"BL_9zbyvxmocdhqDaZ","BlockElements":[]},{"Type":"Standard","SubType":"","Description":"Programming Experience","ID":"BL_2uj879TMISy6hil","BlockElements":[{"Type":"Question","QuestionID":"QID6"},{"Type":"Question","QuestionID":"QID23"},{"Type":"Question","QuestionID":"QID9"},{"Type":"Question","QuestionID":"QID8"},{"Type":"Question","QuestionID":"QID10"},{"Type":"Question","QuestionID":"QID7"},{"Type":"Question","QuestionID":"QID11"}]},{"Type":"Standard","SubType":"","Description":"Data Cleaning and Processing Experience","ID":"BL_0DIhgcwQbGYADBP","BlockElements":[{"Type":"Question","QuestionID":"QID12"},{"Type":"Question","QuestionID":"QID13"},{"Type":"Question","QuestionID":"QID14"},{"Type":"Question","QuestionID":"QID15"}]},{"Type":"Standard","SubType":"","Description":"Project and Data Management","ID":"BL_88teOjphvYO6FU1","BlockElements":[{"Type":"Question","QuestionID":"QID16"},{"Type":"Question","QuestionID":"QID17"}]},{"Type":"Standard","SubType":"","Description":"Workshop Framing and Motivation","ID":"BL_bPnwgjgHFaFrMNf","BlockElements":[{"Type":"Question","QuestionID":"QID18"},{"Type":"Question","QuestionID":"QID19"},{"Type":"Question","QuestionID":"QID20"},{"Type":"Question","QuestionID":"QID21"}]},{"Type":"Standard","SubType":"","Description":"Consent to Take Part in a Research Study","ID":"BL_1HRFvW2RG6SoV8N","Options":{"BlockLocking":"false","RandomizeQuestions":"false","BlockVisibility":"Expanded"},"BlockElements":[{"Type":"Question","QuestionID":"QID29"},{"Type":"Question","QuestionID":"QID32"},{"Type":"Question","QuestionID":"QID34","SkipLogic":[{"SkipLogicID":2,"ChoiceLocator":"q:\/\/QID34\/SelectableChoice\/2","Condition":"Selected","SkipToDestination":"ENDOFSURVEY","Locator":"q:\/\/QID34\/SelectableChoice\/2","SkipToDescription":"<span style=\"color:#000000;... <strong>No. I am not at least 18 ye...<\/strong>  <strong>Is Selected<\/strong>","Description":"Condition: <strong title=\"No. I am not at least 18 years of age.\">No. I am not at least 18 ye...<\/strong> <strong>Is Selected<\/strong>. Skip To: <strong>End of Survey<\/strong>.","QuestionID":"QID34"}]},{"Type":"Question","QuestionID":"QID30","SkipLogic":[{"SkipLogicID":2,"ChoiceLocator":"q:\/\/QID30\/SelectableChoice\/2","Condition":"Selected","SkipToDestination":"ENDOFSURVEY","Locator":"q:\/\/QID30\/SelectableChoice\/2","SkipToDescription":"<div><span style=\"font-fami... <strong>No. I do not want to partic...<\/strong>  <strong>Is Selected<\/strong>","Description":"Condition: <strong title=\"No. I do not want to participate in the research study.\">No. I do not want to partic...<\/strong> <strong>Is Selected<\/strong>. Skip To: <strong>End of Survey<\/strong>.","QuestionID":"QID30"}]}]},{"Type":"Standard","SubType":"","Description":"Statistics","ID":"BL_2cyWH7MQRwNfqf3","BlockElements":[{"Type":"Question","QuestionID":"QID25"},{"Type":"Question","QuestionID":"QID26"},{"Type":"Question","QuestionID":"QID27"},{"Type":"Question","QuestionID":"QID28"}]}]},{"SurveyID":"SV_3IQqdgyFCeLd0BD","Element":"FL","PrimaryAttribute":"Survey Flow","SecondaryAttribute":null,"TertiaryAttribute":null,"Payload":{"Type":"Root","FlowID":"FL_1","Flow":[{"Type":"Branch","FlowID":"FL_10","Description":"New Branch","BranchLogic":{"0":{"0":{"LogicType":"Question","QuestionID":"QID33","QuestionIsInLoop":"no","ChoiceLocator":"q:\/\/QID33\/SelectableChoice\/2","Operator":"Selected","QuestionIDFromLocator":"QID33","LeftOperand":"q:\/\/QID33\/SelectableChoice\/2","Type":"Expression","Description":"<span class=\"ConjDesc\">If<\/span> <span class=\"QuestionDesc\">QID33<\/span> <span class=\"LeftOpDesc\">q:\/\/QID33\/SelectableChoice\/2<\/span> <span class=\"OpDesc\">Is Selected<\/span> "},"Type":"If"},"Type":"BooleanExpression"},"Flow":[{"Type":"EndSurvey","FlowID":"FL_11"}]},{"Type":"Standard","ID":"BL_1HRFvW2RG6SoV8N","FlowID":"FL_7","Autofill":[]},{"Type":"Block","ID":"BL_ekEntccTK9NdIb3","FlowID":"FL_2","Autofill":[]},{"Type":"Standard","ID":"BL_2uj879TMISy6hil","FlowID":"FL_3","Autofill":[]},{"Type":"Standard","ID":"BL_0DIhgcwQbGYADBP","FlowID":"FL_4","Autofill":[]},{"Type":"Standard","ID":"BL_88teOjphvYO6FU1","FlowID":"FL_5","Autofill":[]},{"Type":"Standard","ID":"BL_2cyWH7MQRwNfqf3","FlowID":"FL_8","Autofill":[]},{"Type":"Standard","ID":"BL_bPnwgjgHFaFrMNf","FlowID":"FL_6","Autofill":[]}],"Properties":{"Count":11,"RemovedFieldsets":[]}}},{"SurveyID":"SV_3IQqdgyFCeLd0BD","Element":"SO","PrimaryAttribute":"Survey Options","SecondaryAttribute":null,"TertiaryAttribute":null,"Payload":{"BackButton":"true","SaveAndContinue":"true","SurveyProtection":"PublicSurvey","BallotBoxStuffingPrevention":"false","NoIndex":"Yes","SecureResponseFiles":"true","SurveyExpiration":null,"SurveyTermination":"DefaultMessage","Header":"","Footer":"","ProgressBarDisplay":"VerboseText","PartialData":"+1 week","ValidationMessage":null,"PreviousButton":" \u2190 ","NextButton":" \u2192 ","SurveyTitle":"Data science workshops for biomedical and health professionals","SkinLibrary":"virginiatech","SkinType":"MQ","Skin":"skin1_new","NewScoring":1,"EOSMessage":"","ShowExportTags":"true","CollectGeoLocation":"false","SurveyMetaDescription":"Data science workshops for biomedical and health professionals: Persona identification and workshop assessment Principal Investigator","PasswordProtection":"No","AnonymizeResponse":"No","Password":"","RefererCheck":"No","RefererURL":"http:\/\/","UseCustomSurveyLinkCompletedMessage":null,"SurveyLinkCompletedMessage":"","SurveyLinkCompletedMessageLibrary":"","ResponseSummary":"No","EOSMessageLibrary":"","EOSRedirectURL":"https:\/\/","EmailThankYou":"false","ThankYouEmailMessageLibrary":null,"ThankYouEmailMessage":null,"ValidateMessage":"false","ValidationMessageLibrary":null,"InactiveSurvey":"DefaultMessage","PartialDataCloseAfter":"LastActivity","ActiveResponseSet":null,"InactiveMessageLibrary":"","InactiveMessage":"","AvailableLanguages":{"EN":[]},"SurveyName":"ds4biomed student self-assessment (persona)","libraryId":"","nextButtonMid":"","previousButtonMid":"","headerMid":"","footerMid":"","QuestionsPerPage":"","PageTransition":"Fade","Autofocus":"false","Autoadvance":"false","AutoadvancePages":"false","ExternalCSS":null,"CustomStyles":{"errorStyles":{"selector":".Skin .ValidationError","styles":{"color":null,"backgroundColor":null,"borderColor":null}},"errorStylesBG":{"selector":".Skin .HeaderValidationError, .Skin .HeaderValidationError li a","styles":{"color":null,"backgroundColor":null}},"pageStyles":{"selector":"#SurveyEngineBody","styles":{"backgroundColor":null}},"textStyles":{"selector":".SkinInner","styles":{"fontFamily":"arial, helvetica, sans-serif","fontSize":null,"fontWeight":null,"fontStyle":null,"textDecoration":null,"color":"rgb(0, 0, 0)"}},"questionStyles":{"selector":".Skin .QuestionText","styles":{"fontFamily":"arial, helvetica, sans-serif","fontSize":"","fontWeight":"normal","fontStyle":"normal","textDecoration":"none","color":"rgb(0, 0, 0)"}},"choiceStyles":{"selector":".Skin .horizontalbar th.ylabel, .Skin .Matrix table td, .Skin .Matrix table th, .Skin .Matrix table thead th, .Skin .Matrix table thead td, .Skin .PGR .DragAndDrop .Items label, .Skin .QuestionBody ul.ChoiceStructure, .Skin .PGR .DragAndDrop .Group ul, .Skin .PGR .DragAndDrop .Group h2, .Skin .PGR .DragAndDrop .Items ul, .Skin .PGR .DragAndDrop .Items h2, .Skin .DD .QuestionBody table.ChoiceStructure, .Skin .PGR .DragAndDrop .NoColumns td.groupsContainerTd div ul, .Skin .PGR .DragAndDrop .NoColumns td.groupsContainerTd div h2, .Skin .SBS thead th, .Skin .SBS td, .Skin .SBS .Answers td, .Skin .SBS .Answers th, .SBS table.ChoiceStructure, .Skin .horizontalbar thead table.LabelDescriptions tr td, .Skin .horizontalbar thead tr td.NotApplicable, .QuestionBody th, .Skin .QuestionBody .MC .MAVR label, .Skin .QuestionBody .MC .SAVR label, .Skin .SBS thead th, .Skin .SBS td, .Skin .RO .DND ul li, .Skin .reg, .SkinInner .ChoiceStructure, .Skin thead, .Skin .GAP .ChoiceStructure thead th, .Skin .GAP .ChoiceStructure .c4, .Skin .GAP .ChoiceStructure th, .Skin .GAP .ChoiceStructure .WhyText, .SkinInner .ChoiceStructure .LightBG, .Skin .QuestionOuter.Highlight .Inner .reg, .Skin .QuestionOuter.Highlight .Inner .alt, .Skin .QuestionOuter.Highlight .Inner .ReadableAlt       ","styles":{"fontFamily":"arial, helvetica, sans-serif","fontSize":"","fontWeight":"normal","fontStyle":"normal","textDecoration":"none","color":"rgb(0, 0, 0)"}},"headerStyles":{"selector":".Skin div#Header","styles":{"color":null}},"footerStyles":{"selector":".Skin #Footer","styles":{"color":null}},"questionSeparatorStyles":{"selector":".Skin .Separator","styles":{"backgroundColor":null,"display":null}},"highlightStyles":{"selector":".Skin .QuestionOuter.Highlight .Inner, .Skin .QuestionOuter.Highlight .Inner .reg, .Skin .QuestionOuter.Highlight .Inner .alt, .Skin .QuestionOuter.Highlight .Inner .ReadableAlt","styles":{"backgroundColor":null}},"highlightStylesAlt":{"selector":".Skin .QuestionOuter.Highlight .Inner .ReadableAlt, .Skin .QuestionOuter.Highlight .Inner .LightBG","styles":{"backgroundColor":null}},"textEntryStyles":{"selector":".Skin select, .Skin .InputText","styles":{"color":"rgb(0, 0, 0)"}},"borderStyles":{"selector":".Skin .CS .horizontalbar table.sliderGrid tr.xlabel th, .Skin .CS .horizontalbar .ylabel, .Skin .CS .horizontalbar table.sliderGrid tr td.value, .Skin .Slider .horizontalbar table.sliderGrid tr.xlabel th, .Skin .BorderColor, .Skin .DarkBorderColor, .Skin .Slider .horizontalbar table.sliderGrid tr td.value, .Skin thead, .Skin .GAP .ChoiceStructure thead th  ","styles":{"borderColor":"rgb(0, 0, 0)"}},"altRowStyles":{"selector":".Skin .ReadableAlt, .Skin .LightBG","styles":{"backgroundColor":null}},"customCSS":null},"HighlightQuestions":"off","ProtectSelectionIds":true}},{"SurveyID":"SV_3IQqdgyFCeLd0BD","Element":"SCO","PrimaryAttribute":"Scoring","SecondaryAttribute":null,"TertiaryAttribute":null,"Payload":{"ScoringCategories":[],"ScoringCategoryGroups":[],"ScoringSummaryCategory":null,"ScoringSummaryAfterQuestions":0,"ScoringSummaryAfterSurvey":0,"DefaultScoringCategory":null,"AutoScoringCategory":null}},{"SurveyID":"SV_3IQqdgyFCeLd0BD","Element":"PROJ","PrimaryAttribute":"CORE","SecondaryAttribute":null,"TertiaryAttribute":"1.1.0","Payload":{"ProjectCategory":"CORE","SchemaVersion":"1.1.0"}},{"SurveyID":"SV_3IQqdgyFCeLd0BD","Element":"STAT","PrimaryAttribute":"Survey Statistics","SecondaryAttribute":null,"TertiaryAttribute":null,"Payload":{"MobileCompatible":false,"ID":"Survey Statistics"}},{"SurveyID":"SV_3IQqdgyFCeLd0BD","Element":"QC","PrimaryAttribute":"Survey Question Count","SecondaryAttribute":"34","TertiaryAttribute":null,"Payload":null},{"SurveyID":"SV_3IQqdgyFCeLd0BD","Element":"SQ","PrimaryAttribute":"QID34","SecondaryAttribute":"Are you at least 18 years of age?","TertiaryAttribute":null,"Payload":{"QuestionText":"<span style=\"color:#000000;\">Are you at least 18 years of age?<\/span>","DataExportTag":"Q1.3","QuestionType":"MC","Selector":"SAVR","SubSelector":"TX","DataVisibility":{"Private":false,"Hidden":false},"Configuration":{"QuestionDescriptionOption":"UseText"},"QuestionDescription":"Are you at least 18 years of age?","Choices":{"1":{"Display":"Yes. I am 18 years of age or older."},"2":{"Display":"No. I am not at least 18 years of age."}},"ChoiceOrder":["1","2"],"Validation":{"Settings":{"ForceResponse":"ON","ForceResponseType":"ON","Type":"None"}},"Language":[],"NextChoiceId":5,"NextAnswerId":1,"QuestionID":"QID34","QuestionText_Unsafe":"<span style=\"color:#000000;\">Are you at least 18 years of age?<\/span>"}},{"SurveyID":"SV_3IQqdgyFCeLd0BD","Element":"SQ","PrimaryAttribute":"QID28","SecondaryAttribute":"Are you familiar with the term \"dummy variable\"? It is sometimes also called \"one-hot encoding\".","TertiaryAttribute":null,"Payload":{"QuestionText":"Are you familiar with the term \"dummy variable\"? It is sometimes also called \"one-hot encoding\".","DataExportTag":"Q6.4","QuestionType":"MC","Selector":"SAVR","SubSelector":"TX","Configuration":{"QuestionDescriptionOption":"UseText"},"QuestionDescription":"Are you familiar with the term \"dummy variable\"? It is sometimes also called \"one-hot encoding\".","Choices":{"1":{"Display":"I have never heard of the term"},"2":{"Display":"I have heard of it but don\u2019t remember what it is"},"3":{"Display":"I have some idea of what it is, but am not too clear"},"4":{"Display":"I know what it is and could explain what it pertains to"}},"ChoiceOrder":[1,2,3,4],"Validation":{"Settings":{"ForceResponse":"OFF","ForceResponseType":"ON","Type":"None"}},"Language":[],"NextChoiceId":5,"NextAnswerId":1,"QuestionID":"QID28","QuestionText_Unsafe":"Are you familiar with the term \"dummy variable\"? It is sometimes also called \"one-hot encoding\".","DataVisibility":{"Private":false,"Hidden":false}}},{"SurveyID":"SV_3IQqdgyFCeLd0BD","Element":"SQ","PrimaryAttribute":"QID14","SecondaryAttribute":"Are you familiar with the term \"tidy data\"?","TertiaryAttribute":null,"Payload":{"QuestionText":"Are you familiar with the term \"tidy data\"?","DataExportTag":"Q4.3","QuestionType":"MC","Selector":"SAVR","SubSelector":"TX","Configuration":{"QuestionDescriptionOption":"UseText"},"QuestionDescription":"Are you familiar with the term \"tidy data\"?","Choices":{"1":{"Display":"I have never heard of the term"},"2":{"Display":"I have heard of it but don\u2019t remember what it is."},"3":{"Display":"I have some idea of what it is, but am not too clear"},"4":{"Display":"I know what it is and could explain what it pertains to"}},"ChoiceOrder":[1,2,3,4],"Validation":{"Settings":{"ForceResponse":"OFF","ForceResponseType":"ON","Type":"None"}},"Language":[],"NextChoiceId":5,"NextAnswerId":1,"QuestionID":"QID14","QuestionText_Unsafe":"Are you familiar with the term \"tidy data\"?","DataVisibility":{"Private":false,"Hidden":false}}},{"SurveyID":"SV_3IQqdgyFCeLd0BD","Element":"RS","PrimaryAttribute":"RS_6m0dZhov4Lshlbf","SecondaryAttribute":"Default Response Set","TertiaryAttribute":null,"Payload":null},{"SurveyID":"SV_3IQqdgyFCeLd0BD","Element":"SQ","PrimaryAttribute":"QID30","SecondaryAttribute":"Do you agree to participate in the research study?","TertiaryAttribute":null,"Payload":{"QuestionText":"<div><span style=\"font-family:Arial,Helvetica,sans-serif;\">Do you agree to participate in the research study?<\/span><\/div>","DefaultChoices":false,"DataExportTag":"Q1.4","QuestionType":"MC","Selector":"SAVR","SubSelector":"TX","Configuration":{"QuestionDescriptionOption":"UseText"},"QuestionDescription":"Do you agree to participate in the research study?","Choices":{"1":{"Display":"Yes. I have read the consent form and this response will serve as my consent to participate in the research study."},"2":{"Display":"<span style=\"font-family:Arial,Helvetica,sans-serif;\">No. I do not want to participate in the research study.<\/span>"}},"ChoiceOrder":[1,2],"Validation":{"Settings":{"ForceResponse":"ON","ForceResponseType":"ON","Type":"None"}},"GradingData":[],"Language":[],"NextChoiceId":3,"NextAnswerId":1,"QuestionID":"QID30","DataVisibility":{"Private":false,"Hidden":false},"QuestionText_Unsafe":"<div><span style=\"font-family:Arial,Helvetica,sans-serif;\">Do you agree to participate in the research study?<\/span><\/div>"}},{"SurveyID":"SV_3IQqdgyFCeLd0BD","Element":"SQ","PrimaryAttribute":"QID15","SecondaryAttribute":"Do you know what \"long\" and \"wide\" data are?","TertiaryAttribute":null,"Payload":{"QuestionText":"Do you know what \"long\" and \"wide\" data are?","DataExportTag":"Q4.4","QuestionType":"MC","Selector":"SAVR","SubSelector":"TX","Configuration":{"QuestionDescriptionOption":"UseText"},"QuestionDescription":"Do you know what \"long\" and \"wide\" data are?","Choices":{"1":{"Display":"I have never heard of the term"},"2":{"Display":"I have heard of it but don\u2019t remember what it is."},"3":{"Display":"I have some idea of what it is, but am not too clear"},"4":{"Display":"I know what it is and could explain what it pertains to"}},"ChoiceOrder":[1,2,3,4],"Validation":{"Settings":{"ForceResponse":"OFF","ForceResponseType":"ON","Type":"None"}},"Language":[],"NextChoiceId":5,"NextAnswerId":1,"QuestionID":"QID15","QuestionText_Unsafe":"Do you know what \"long\" and \"wide\" data are?","DataVisibility":{"Private":false,"Hidden":false}}},{"SurveyID":"SV_3IQqdgyFCeLd0BD","Element":"SQ","PrimaryAttribute":"QID22","SecondaryAttribute":"Hello: \u00a0 Welcome to the \"Data Science for Medical and Biomedical Practitioners\" workshop.\u00a0 \u00a0 This","TertiaryAttribute":null,"Payload":{"QuestionText":"<div>Hello:<\/div>\n\n<div>&nbsp;<\/div>\n\n<div>Welcome to the \"Data Science for Medical and Biomedical Practitioners\" workshop.&nbsp;<\/div>\n\n<div>&nbsp;<\/div>\n\n<div>This is a student self-assessment survey.<\/div>\n\n<div>&nbsp;<\/div>\n\n<div>\n<div>This survey helps determine learner personas and create tailored (but broad!) workshop materials for individuals to learn data science in the biomedical and health fields.<\/div>\n\n<div>&nbsp;<\/div>\n\n<div>These survey results will allow us to create materials specific to needs of the group.<\/div>\n<\/div>","DefaultChoices":false,"DataExportTag":"Q2.1","QuestionType":"DB","Selector":"TB","Configuration":{"QuestionDescriptionOption":"UseText"},"QuestionDescription":"Hello: \u00a0 Welcome to the \"Data Science for Medical and Biomedical Practitioners\" workshop.\u00a0 \u00a0 This...","ChoiceOrder":[],"Validation":{"Settings":{"Type":"None"}},"GradingData":[],"Language":[],"NextChoiceId":7,"NextAnswerId":1,"QuestionID":"QID22","QuestionText_Unsafe":"<div>Hello:<\/div>\n\n<div>&nbsp;<\/div>\n\n<div>Welcome to the \"data science for medical and biomedical practitioners\" workshop.&nbsp;<\/div>\n\n<div>&nbsp;<\/div>\n\n<div>This is a student self-assessment survey.<\/div>\n\n<div>&nbsp;<\/div>\n\n<div>\n<div>This survey helps determine learner personas and create tailored (but broad!) workshop materials for individuals to learn data science in the biomedical and health fields.<\/div>\n\n<div>&nbsp;<\/div>\n\n<div>These survey results will allow us to create materials specific to needs of the group.<\/div>\n<\/div>","DataVisibility":{"Private":false,"Hidden":false}}},{"SurveyID":"SV_3IQqdgyFCeLd0BD","Element":"SQ","PrimaryAttribute":"QID9","SecondaryAttribute":"How familiar are you with interactive programming languages like Python or R?","TertiaryAttribute":null,"Payload":{"QuestionText":"How familiar are you with interactive programming languages like Python or R?","DataExportTag":"Q3.3","QuestionType":"MC","Selector":"SAVR","SubSelector":"TX","Configuration":{"QuestionDescriptionOption":"UseText"},"QuestionDescription":"How familiar are you with interactive programming languages like Python or R?","Choices":{"1":{"Display":"I do not know what those are"},"2":{"Display":"I have heard of them but have never used them before"},"3":{"Display":"I have installed it, but have only done simple examples with them"},"4":{"Display":"I have written a small program with them before"},"5":{"Display":"I use it to automate certain repetitive tasks"},"6":{"Display":"I have small side projects that I program in it"},"7":{"Display":"I program in them for work"}},"ChoiceOrder":["1","2","3","4","5","6","7"],"Validation":{"Settings":{"ForceResponse":"OFF","ForceResponseType":"ON","Type":"None"}},"Language":[],"NextChoiceId":8,"NextAnswerId":1,"QuestionID":"QID9","DataVisibility":{"Private":false,"Hidden":false},"QuestionText_Unsafe":"How familiar are you with interactive programming languages like Python or R?"}},{"SurveyID":"SV_3IQqdgyFCeLd0BD","Element":"SQ","PrimaryAttribute":"QID12","SecondaryAttribute":"How familiar are you with Microsoft Excel?","TertiaryAttribute":null,"Payload":{"QuestionText":"How familiar are you with Microsoft Excel?","DataExportTag":"Q4.1","QuestionType":"MC","Selector":"SAVR","SubSelector":"TX","Configuration":{"QuestionDescriptionOption":"UseText"},"QuestionDescription":"How familiar are you with Microsoft Excel?","Choices":{"1":{"Display":"I have never used it, or I have tried it but can't really do anything with it."},"2":{"Display":"I have used it as an electronic todo list and planner putting schedules and task deadlines in a single place"},"3":{"Display":"I've used it to store datasets and able to calculate basic aggregate values, such as mean and sums"},"4":{"Display":"I've used data aggregation, pivot tables, formulas, and plotting feature to understand how my data breaks down."},"5":{"Display":"I\u2019ve coded up VBA macros and made VLOOKUP calls integrating multiple sheets for a simulation task"}},"ChoiceOrder":["1","2","3","4","5"],"Validation":{"Settings":{"ForceResponse":"OFF","ForceResponseType":"ON","Type":"None"}},"Language":[],"NextChoiceId":6,"NextAnswerId":1,"QuestionID":"QID12","DataVisibility":{"Private":false,"Hidden":false},"QuestionText_Unsafe":"How familiar are you with Microsoft Excel?"}},{"SurveyID":"SV_3IQqdgyFCeLd0BD","Element":"SQ","PrimaryAttribute":"QID7","SecondaryAttribute":"How often do you currently use a specialized software with a point-and-click graphical user inter...","TertiaryAttribute":null,"Payload":{"QuestionText":"How often do you currently use a specialized software with a point-and-click graphical user interface\non your own (e.g., for statistical analysis: SPSS, SAS, \u2026;\nfor Geospatial analysis: ArcGIS, QGIS, \u2026 ;\nfor Genomics analysis: Geneious, \u2026)?","DataExportTag":"Q3.6","QuestionType":"MC","Selector":"SAVR","SubSelector":"TX","Configuration":{"QuestionDescriptionOption":"UseText"},"QuestionDescription":"How often do you currently use a specialized software with a point-and-click graphical user inter...","Choices":{"1":{"Display":"Never"},"2":{"Display":"Less than once per year"},"3":{"Display":"Several times per year"},"4":{"Display":"Monthly"},"5":{"Display":"Weekly"},"6":{"Display":"Daily"}},"ChoiceOrder":[1,2,3,4,5,6],"Validation":{"Settings":{"ForceResponse":"OFF","ForceResponseType":"ON","Type":"None"}},"Language":[],"NextChoiceId":7,"NextAnswerId":1,"QuestionID":"QID7","DataVisibility":{"Private":false,"Hidden":false},"QuestionText_Unsafe":"How often do you currently use a specialized software with a point-and-click graphical user interface\n(e.g., for statistical analysis: SPSS, SAS, \u2026;\nfor Geospatial analysis: ArcGIS, QGIS, \u2026 ;\nfor Genomics analysis: Geneious, \u2026)?"}},{"SurveyID":"SV_3IQqdgyFCeLd0BD","Element":"SQ","PrimaryAttribute":"QID11","SecondaryAttribute":"How often do you currently use Databases (SQL, Access, etc.)","TertiaryAttribute":null,"Payload":{"QuestionText":"How often do you currently use Databases (SQL, Access, etc.)","DataExportTag":"Q3.7","QuestionType":"MC","Selector":"SAVR","SubSelector":"TX","Configuration":{"QuestionDescriptionOption":"UseText"},"QuestionDescription":"How often do you currently use Databases (SQL, Access, etc.)","Choices":{"1":{"Display":"Never"},"2":{"Display":"Less than once per year"},"3":{"Display":"Several times per year"},"4":{"Display":"Monthly"},"5":{"Display":"Weekly"},"6":{"Display":"Daily"}},"ChoiceOrder":[1,2,3,4,5,6],"Validation":{"Settings":{"ForceResponse":"OFF","ForceResponseType":"ON","Type":"None"}},"Language":[],"NextChoiceId":7,"NextAnswerId":1,"QuestionID":"QID11","QuestionText_Unsafe":"How often do you currently use Databases (SQL, Access, etc.)"}},{"SurveyID":"SV_3IQqdgyFCeLd0BD","Element":"SQ","PrimaryAttribute":"QID8","SecondaryAttribute":"How often do you currently use programming languages (R, Python, etc.)?","TertiaryAttribute":null,"Payload":{"QuestionText":"How often do you currently use programming languages (R, Python, etc.)?","DataExportTag":"Q3.4","QuestionType":"MC","Selector":"SAVR","SubSelector":"TX","Configuration":{"QuestionDescriptionOption":"UseText"},"QuestionDescription":"How often do you currently use programming languages (R, Python, etc.)?","Choices":{"1":{"Display":"Never"},"2":{"Display":"Less than once per year"},"3":{"Display":"Several times per year"},"4":{"Display":"Monthly"},"5":{"Display":"Weekly"},"6":{"Display":"Daily"}},"ChoiceOrder":[1,2,3,4,5,6],"Validation":{"Settings":{"ForceResponse":"OFF","ForceResponseType":"ON","Type":"None"}},"Language":[],"NextChoiceId":7,"NextAnswerId":1,"QuestionID":"QID8","DataVisibility":{"Private":false,"Hidden":false},"QuestionText_Unsafe":"How often do you currently use programming languages (R, Python, etc.)?"}},{"SurveyID":"SV_3IQqdgyFCeLd0BD","Element":"SQ","PrimaryAttribute":"QID5","SecondaryAttribute":"How would you describe your ethnic background? Choose one or more of the following groups.","TertiaryAttribute":null,"Payload":{"QuestionText":"<div>How would you describe your ethnic background? Choose one or more of the following groups.<\/div>","DataExportTag":"Q2.6","QuestionType":"MC","Selector":"MAVR","SubSelector":"TX","Configuration":{"QuestionDescriptionOption":"UseText"},"QuestionDescription":"How would you describe your ethnic background? Choose one or more of the following groups.","Choices":{"1":{"Display":"American Indian or Alaska Native (Having origins in any of the original peoples of North and South America (including Central America), and who maintains a tribal affiliation or community attachment.)"},"2":{"Display":"Asian (Having origins in any of the original peoples of the Far East, Southeast Asia, or the Indian subcontinent including, for example, Cambodia, China, India, Japan, Korea, Malaysia, Pakistan, Indonesia, the Philippine Islands, Thailand, and Vietnam.)"},"3":{"Display":"Black or African American (Having origins in any of the Black racial groups of Africa \u2013 includes Caribbean Islanders and others of African origin.)"},"4":{"Display":"Hispanic or Latino(a) (A person of Spanish-speaking origin or ancestry and\/or Latin American origin or ancestry \u2013 includes Portuguese and Brazilians.)"},"5":{"Display":"Native Hawaiian or Other Pacific Islander (Having origins in any of the original peoples of Hawaii, Guam, Samoa, or other Pacific Islands.)"},"6":{"Display":"White (Having origins in any of the original peoples of Europe, the Middle East, or North Africa.)"},"7":{"Display":"I prefer not to say."},"8":{"Display":"Prefer to self describe","TextEntry":"true"}},"ChoiceOrder":[1,2,3,4,5,6,7,8],"Validation":{"Settings":{"ForceResponse":"OFF","ForceResponseType":"ON","Type":"None"}},"Language":[],"NextChoiceId":9,"NextAnswerId":1,"QuestionID":"QID5","DataVisibility":{"Private":false,"Hidden":false},"QuestionText_Unsafe":"<div>How would you describe your ethnic background? Choose one or more of the following groups.<\/div>"}},{"SurveyID":"SV_3IQqdgyFCeLd0BD","Element":"SQ","PrimaryAttribute":"QID13","SecondaryAttribute":"If you were given a dataset (e.g., Excel file, CSV file) and asked to do some preliminary analysi...","TertiaryAttribute":null,"Payload":{"QuestionText":"If you were given a dataset (e.g., Excel file, CSV file) and asked to do\n some preliminary analysis on it, which of these best describe how \neasily you can accomplish the task?","DataExportTag":"Q4.2","QuestionType":"MC","Selector":"SAVR","SubSelector":"TX","Configuration":{"QuestionDescriptionOption":"UseText"},"QuestionDescription":"If you were given a dataset (e.g., Excel file, CSV file) and asked to do some preliminary analysi...","Choices":{"1":{"Display":"I wouldn't know where to start"},"2":{"Display":"I could struggle through by trial and error with a lot of web searches"},"3":{"Display":"I could do it quickly with little or no use of external help"},"4":{"Display":"I could struggle through, but not confident I could do it"}},"ChoiceOrder":["1","4","2","3"],"Validation":{"Settings":{"ForceResponse":"OFF","ForceResponseType":"ON","Type":"None"}},"Language":[],"NextChoiceId":5,"NextAnswerId":1,"QuestionID":"QID13","DataVisibility":{"Private":false,"Hidden":false},"QuestionText_Unsafe":"If you were given a dataset (e.g., Excel file, CSV file) and asked to do\n some preliminary analysis on it, which of these best describe how \neasily you can accomplish the task?"}},{"SurveyID":"SV_3IQqdgyFCeLd0BD","Element":"SQ","PrimaryAttribute":"QID27","SecondaryAttribute":"If you were given a dateset comparing different treatment methods for cancer patients. Would you...","TertiaryAttribute":null,"Payload":{"QuestionText":"If you were given a dateset comparing different treatment methods for cancer patients. Would you know how to conduct an analysis to see which treatment had a higher survival rate of patients?","DataExportTag":"Q6.3","QuestionType":"MC","Selector":"SAVR","SubSelector":"TX","Configuration":{"QuestionDescriptionOption":"UseText"},"QuestionDescription":"If you were given a dateset comparing different treatment methods for cancer patients. Would you...","Choices":{"1":{"Display":"I wouldn't know where to start"},"2":{"Display":"I could struggle through by trial and error with a lot of web searches"},"3":{"Display":"I could do it quickly with little or no use of external help"},"4":{"Display":"I could struggle through, but not confident I could do it"}},"ChoiceOrder":["1","4","2","3"],"Validation":{"Settings":{"ForceResponse":"OFF","ForceResponseType":"ON","Type":"None"}},"Language":[],"NextChoiceId":5,"NextAnswerId":1,"QuestionID":"QID27","QuestionText_Unsafe":"If you were given a dateset comparing different treatment methods for cancer patients. Would you know how to conduct an analysis to see which treatment had a higher survival rate of patients?","DataVisibility":{"Private":false,"Hidden":false}}},{"SurveyID":"SV_3IQqdgyFCeLd0BD","Element":"SQ","PrimaryAttribute":"QID25","SecondaryAttribute":"If you were given a dateset containing 2 cholesterol treatment options (drug and placebo), patien...","TertiaryAttribute":null,"Payload":{"QuestionText":"If you were given a dateset containing 2 cholesterol treatment options (drug and placebo), patients' baseline cholesterol values, and cholesterol values 4 weeks after treatment has started, would you know how to conduct a statistical analysis to see if there is a difference between the 2 groups? Any type of model will suffice.","DataExportTag":"Q6.1","QuestionType":"MC","Selector":"SAVR","SubSelector":"TX","Configuration":{"QuestionDescriptionOption":"UseText"},"QuestionDescription":"If you were given a dateset containing 2 cholesterol treatment options (drug and placebo), patien...","Choices":{"1":{"Display":"I wouldn't know where to start"},"2":{"Display":"I could struggle through by trial and error with a lot of web searches"},"3":{"Display":"I could do it quickly with little or no use of external help"},"4":{"Display":"I could struggle through, but not confident I could do it"}},"ChoiceOrder":["1","4","2","3"],"Validation":{"Settings":{"ForceResponse":"OFF","ForceResponseType":"ON","Type":"None"}},"Language":[],"NextChoiceId":5,"NextAnswerId":1,"QuestionID":"QID25","QuestionText_Unsafe":"If you were given a dateset containing 2 cholesterol treatment options (drug and placebo) and a patients cholesterol value 4 weeks after treatment has started, would you know how to conduct a statistical analysis to see if there is a difference between the 2 groups? Any type of model will suffice.","DataVisibility":{"Private":false,"Hidden":false}}},{"SurveyID":"SV_3IQqdgyFCeLd0BD","Element":"SQ","PrimaryAttribute":"QID26","SecondaryAttribute":"If you were given a dateset containing an individual's smoking status (binary variable) and wheth...","TertiaryAttribute":null,"Payload":{"QuestionText":"If you were given a dateset containing an individual's smoking status (binary variable) and whether or not they have hypertension (binary variable), would you know how to conduct a statistical analysis to see if smoking has an increased relative risk or odds of hypertension? Any type of model will suffice.","DataExportTag":"Q6.2","QuestionType":"MC","Selector":"SAVR","SubSelector":"TX","Configuration":{"QuestionDescriptionOption":"UseText"},"QuestionDescription":"If you were given a dateset containing an individual's smoking status (binary variable) and wheth...","Choices":{"1":{"Display":"I wouldn't know where to start"},"2":{"Display":"I could struggle through by trial and error with a lot of web searches"},"3":{"Display":"I could do it quickly with little or no use of external help"},"4":{"Display":"I could struggle through, but not confident I could do it"}},"ChoiceOrder":["1","4","2","3"],"Validation":{"Settings":{"ForceResponse":"OFF","ForceResponseType":"ON","Type":"None"}},"Language":[],"NextChoiceId":5,"NextAnswerId":1,"QuestionID":"QID26","QuestionText_Unsafe":"If you were given a dateset containing an individual's smoking status (binary variable) and whether or not they have hypertension (binary variable), would you know how to conduct a statistical analysis to see if smoking has an increased relative risk or odds of hypertension? Any type of model will suffice.","DataVisibility":{"Private":false,"Hidden":false}}},{"SurveyID":"SV_3IQqdgyFCeLd0BD","Element":"SQ","PrimaryAttribute":"QID6","SecondaryAttribute":"In general, which of these best describes your experience with programming?","TertiaryAttribute":null,"Payload":{"QuestionText":"<span style=\"font-family:Arial,Helvetica,sans-serif;\">In general, which of these best describes your experience with programming?<\/span>","DataExportTag":"Q3.1","QuestionType":"MC","Selector":"SAVR","SubSelector":"TX","Configuration":{"QuestionDescriptionOption":"UseText"},"QuestionDescription":"In general, which of these best describes your experience with programming?","Choices":{"1":{"Display":"I have none"},"2":{"Display":"I have written a few lines now and again"},"3":{"Display":"I have written programs for my own use that are a couple of pages long"},"4":{"Display":"I have written and maintained larger pieces of software"},"5":{"Display":"I took some programming related class in the past but have not used it since"}},"ChoiceOrder":[1,"5",2,3,4],"Validation":{"Settings":{"ForceResponse":"OFF","ForceResponseType":"ON","Type":"None"}},"Language":[],"NextChoiceId":6,"NextAnswerId":1,"QuestionID":"QID6","DataVisibility":{"Private":false,"Hidden":false},"QuestionText_Unsafe":"<span style=\"font-family:Arial,Helvetica,sans-serif;\">In general, which of these best describes your experience with programming?<\/span>"}},{"SurveyID":"SV_3IQqdgyFCeLd0BD","Element":"SQ","PrimaryAttribute":"QID1","SecondaryAttribute":"Please create a unique identifier. This unique identifier will be used for long-term assessment b...","TertiaryAttribute":null,"Payload":{"QuestionText":"<div>Please create a unique identifier. This unique identifier will be used for long-term assessment but keep your personal information anonymous.<\/div>\n\n<div><br>\nTo create an identifier type in:<\/div>\n\n<ul>\n\t<li>Number of siblings (as numeric) +<\/li>\n\t<li>First two letters of the city you were born in (lowercase) +<\/li>\n\t<li>First three letters of your current street (lowercase).<\/li>\n<\/ul>\n\n<div>&nbsp;<\/div>\n\n<div>E.g., (Sherlock Homes has <span style=\"font-size:19px;\"><strong>1<\/strong><\/span> brother, was born in <span style=\"font-size:19px;\"><strong>Po<\/strong><\/span>rsmouth, and lives on <span style=\"font-size:19px;\"><strong>Bac<\/strong><\/span>ker Street - <span style=\"font-size:19px;\"><strong>1pobac<\/strong><\/span>)<\/div>","DefaultChoices":false,"DataExportTag":"Q2.2","QuestionID":"QID1","QuestionType":"TE","Selector":"SL","DataVisibility":{"Private":false,"Hidden":false},"Configuration":{"QuestionDescriptionOption":"UseText"},"QuestionDescription":"Please create a unique identifier. This unique identifier will be used for long-term assessment b...","Validation":{"Settings":{"ForceResponse":"ON","ForceResponseType":"ON","Type":"CustomValidation","ValidDateType":"DateWithFormat","ValidPhoneType":"ValidUSPhone","ValidZipType":"ValidUSZip","CustomValidation":{"Logic":{"0":{"0":{"QuestionID":"QID1","QuestionIsInLoop":"no","ChoiceLocator":"q:\/\/QID1\/ChoiceTextEntryValue","Operator":"MatchesRegex","QuestionIDFromLocator":"QID1","LeftOperand":"q:\/\/QID1\/ChoiceTextEntryValue","RightOperand":"^\\d","Type":"Expression","LogicType":"Question","Description":"<span class=\"ConjDesc\">If<\/span> <span class=\"QuestionDesc\">Please create a unique identifier. This unique identifier will be used for long-term assessment but keep your personal information anonymous. To create an identifier type in: Number of siblings (as...<\/span> <span class=\"LeftOpDesc\">Text Response<\/span> <span class=\"OpDesc\">Matches Regex<\/span> <span class=\"RightOpDesc\"> ^\\d <\/span>"},"Type":"If"},"Type":"BooleanExpression"},"Message":{"messageID":null,"subMessageID":"VE_ERROR","libraryID":null,"description":"Error Text"}}}},"GradingData":[],"Language":[],"NextChoiceId":4,"NextAnswerId":1,"SearchSource":{"AllowFreeResponse":"false"},"QuestionText_Unsafe":"<div>Please create a unique identifier. This unique identifier will be used for long-term assessment but keep your personal information anonymous.<\/div>\n\n<div><br>\nTo create an identifier type in:<\/div>\n\n<ul>\n\t<li>Number of siblings (as numeric) +<\/li>\n\t<li>First two letters of the city you were born in (lowercase) +<\/li>\n\t<li>First three letters of your current street (lowercase).<\/li>\n<\/ul>\n\n<div>&nbsp;<\/div>\n\n<div>E.g., (Sherlock Homes has <span style=\"font-size:19px;\"><strong>1<\/strong><\/span> brother, was born in <span style=\"font-size:19px;\"><strong>Po<\/strong><\/span>rsmouth, and lives on <span style=\"font-size:19px;\"><strong>Bac<\/strong><\/span>ker Street - <span style=\"font-size:19px;\"><strong>1pobac<\/strong><\/span>)<\/div>"}},{"SurveyID":"SV_3IQqdgyFCeLd0BD","Element":"SQ","PrimaryAttribute":"QID19","SecondaryAttribute":"Please rate your level of agreement with the following statements","TertiaryAttribute":null,"Payload":{"QuestionText":"Please rate your level of agreement with the following statements","DefaultChoices":false,"DataExportTag":"Q7.2","QuestionType":"Matrix","Selector":"Likert","SubSelector":"SingleAnswer","Configuration":{"QuestionDescriptionOption":"UseText","TextPosition":"inline","ChoiceColumnWidth":25,"RepeatHeaders":"none","WhiteSpace":"OFF","MobileFirst":true},"QuestionDescription":"Please rate your level of agreement with the following statements","Choices":{"1":{"Display":"I believe having access to the original, raw data is important to be able to repeat an analysis."},"2":{"Display":"I can write a small program, script, or macro to address a problem in my own work."},"3":{"Display":"I know how to search for answers to my technical questions online."},"4":{"Display":"While working on a programming project, if I got stuck, I can find ways of overcoming the problem."},"5":{"Display":"I am confident in my ability to make use of programming software to work with data."},"6":{"Display":"Using a programming language (like R or Python) can make my analyses easier to reproduce."},"7":{"Display":"Using a programming language (like R or Python) can make me more efficient at working with data."}},"ChoiceOrder":[1,2,3,4,5,6,7],"Validation":{"Settings":{"ForceResponse":"OFF","ForceResponseType":"ON","Type":"None"}},"GradingData":[],"Language":[],"NextChoiceId":8,"NextAnswerId":8,"Answers":{"1":{"Display":"Strongly Disagree"},"2":{"Display":"Disagree"},"3":{"Display":"Somewhat Disagree"},"4":{"Display":"Neither Agree nor Disagree"},"5":{"Display":"Somewhat Agree"},"6":{"Display":"Agree"},"7":{"Display":"Strongly Agree"}},"AnswerOrder":[1,2,3,4,5,6,7],"ChoiceDataExportTags":false,"QuestionID":"QID19","DataVisibility":{"Private":false,"Hidden":false},"QuestionText_Unsafe":"Please rate your level of agreement with the following statements"}},{"SurveyID":"SV_3IQqdgyFCeLd0BD","Element":"SQ","PrimaryAttribute":"QID16","SecondaryAttribute":"Please rate your level of satisfaction with your current data management and analysis workflow (e...","TertiaryAttribute":null,"Payload":{"QuestionText":"Please rate your level of satisfaction with your current data management\n and analysis workflow (e.g.&nbsp;how you collect, organize, store and \nanalyze your data).","DataExportTag":"Q5.1","QuestionType":"MC","Selector":"SAVR","SubSelector":"TX","Configuration":{"QuestionDescriptionOption":"UseText"},"QuestionDescription":"Please rate your level of satisfaction with your current data management and analysis workflow (e...","Choices":{"1":{"Display":"Very unsatisfied"},"2":{"Display":"Unsatisfied"},"3":{"Display":"Neutral"},"4":{"Display":"Satisfied"},"5":{"Display":"Very satisfied"},"6":{"Display":"Not sure"},"7":{"Display":"Not applicable"},"8":{"Display":"Never thought about this"}},"ChoiceOrder":[1,2,3,4,5,6,7,8],"Validation":{"Settings":{"ForceResponse":"OFF","ForceResponseType":"ON","Type":"None"}},"Language":[],"NextChoiceId":9,"NextAnswerId":1,"QuestionID":"QID16","DataVisibility":{"Private":false,"Hidden":false},"QuestionText_Unsafe":"Please rate your level of satisfaction with your current data management\n and analysis workflow (e.g.&nbsp;how you collect, organize, store and \nanalyze your data)."}},{"SurveyID":"SV_3IQqdgyFCeLd0BD","Element":"SQ","PrimaryAttribute":"QID20","SecondaryAttribute":"Please share what you most hope to learn from participating in this workshop and\/or workshop seri...","TertiaryAttribute":null,"Payload":{"QuestionText":"Please share what you most hope to learn from participating in this workshop and\/or workshop series.&nbsp;","DefaultChoices":false,"DataExportTag":"Q7.3","QuestionID":"QID20","QuestionType":"TE","Selector":"SL","Configuration":{"QuestionDescriptionOption":"UseText"},"QuestionDescription":"Please share what you most hope to learn from participating in this workshop and\/or workshop seri...","Validation":{"Settings":{"ForceResponse":"OFF","ForceResponseType":"ON","Type":"None"}},"GradingData":[],"Language":[],"NextChoiceId":4,"NextAnswerId":1,"SearchSource":{"AllowFreeResponse":"false"},"DataVisibility":{"Private":false,"Hidden":false},"QuestionText_Unsafe":"Please share what you most hope to learn from participating in this workshop and\/or workshop series.&nbsp;"}},{"SurveyID":"SV_3IQqdgyFCeLd0BD","Element":"SQ","PrimaryAttribute":"QID29","SecondaryAttribute":"VIRGINIA POLYTECHNIC INSTITUTE AND STATE UNIVERSITY\u00a0Research Study ConsentTitle of research study..","TertiaryAttribute":null,"Payload":{"QuestionText":"<span style=\"color:#000000;\"><span style=\"font-family:Arial,Helvetica,sans-serif;\"><span style=\"font-size:16px\"><u><strong>VIRGINIA POLYTECHNIC INSTITUTE AND STATE UNIVERSITY&nbsp;<\/strong><\/u><br \/>\n<strong>Research Study Consent<\/strong><\/span><br \/>\n<span style=\"font-size:16px;\"><strong>Title of research study:<\/strong> <span style=\"font-weight:normal\"><span style=\"font-style:normal\">Data science workshops for biomedical and health professionals: Persona identification and workshop assessment<\/span><\/span><\/span><\/span><br \/>\n<span style=\"font-family:Arial,Helvetica,sans-serif;\"><span style=\"font-size:16px;\"><strong>Principal Investigator:<\/strong> Anne M Brown, PhD&nbsp;<\/span><\/span><br \/>\n<span style=\"font-size:16px;\"><strong>Other study contact(s):<\/strong> &nbsp;Daniel Chen<\/span><br \/>\n<span style=\"font-family:Arial,Helvetica,sans-serif;\"><span style=\"font-size:16px;\"><strong>Department<\/strong>: Research and Informatics, University Libraries<br \/>\n<strong>Telephone Number<\/strong>: 540-231-9231<br \/>\n<strong>Email Addresses<\/strong>: ambrown7@vt.edu, chend@vt.eu<\/span><\/span><\/span>\n<p>&nbsp;<\/p>\n<span style=\"color:#000000;\"> <span style=\"font-size:16px;\"><span style=\"font-family:Arial,Helvetica,sans-serif;\"><span style=\"font-weight: normal; font-style: normal;\"><strong>Key Information<\/strong>:<\/span><span style=\"font-weight: normal;\"> <\/span><span style=\"font-weight: normal; font-style: normal;\">The following is a short summary of this study to help you decide whether or not to be a part of this study. More detailed information is listed later on in this form. This confidential survey is intended to identify key characteristics of learners (i.e., learner personas) attending a data science workshop geared towards medical and biomedical practitioners. Your responses are anonymous and will become part of summary data included in a report that is compiled by Daniel Chen from the Genetics, Bioinformatics, and Computational Biology (GBCB) PhD program at Virginia Tech.<\/span> <span style=\"font-weight: normal; font-style: normal;\">Detailed Information:<\/span><span style=\"font-weight: normal;\"> <\/span><span style=\"font-weight: normal; font-style: normal;\">The following is more detailed information about this study in addition to the information listed above.<\/span><br \/>\n<br \/>\n<strong>Who can I talk to?<\/strong><\/span><\/span><\/span>\n\n<div><span style=\"color:#000000;\"><span style=\"font-family: Arial, Helvetica, sans-serif; font-size: 16px;\">If you have questions, concerns, or complaints, or think the research has hurt you, talk to the research team at Anne Brown (ambrown7@vt.edu) or Daniel Chen (chend@vt.edu).<\/span><\/span><\/div>\n\n<div>&nbsp;<\/div>\n\n<div><span style=\"color:#000000;\"><span style=\"font-family: Arial, Helvetica, sans-serif; font-size: 16px;\">This research has been reviewed by the Virginia Tech Institutional Review Board (IRB). You may communicate with them at 540-231-3732 or irb@vt.edu if:You have questions about your rights as a research subject Your questions, concerns, or complaints are not being answered by the research team You cannot reach the research team You want to talk to someone besides the research team to provide feedback about this research.<\/span><\/span><\/div>\n\n<div>&nbsp;\n<p><span style=\"color:#000000;\"><span style=\"font-size:16px;\"><span style=\"font-family:Arial,Helvetica,sans-serif;\"><strong>How many people will be studied?<\/strong><br \/>\nWe plan to include about 100-150 people in this research study.<\/span><\/span><\/span><\/p>\n\n<p>&nbsp;<\/p>\n<span style=\"color:#000000;\"><span style=\"font-size:16px;\"><span style=\"font-family:Arial,Helvetica,sans-serif;\"><span style=\"font-weight: normal; font-style: normal;\"><strong>What happens if I say yes, I want to be in this research?<\/strong><\/span><\/span><\/span><br \/>\n<span style=\"font-family: Arial, Helvetica, sans-serif; font-size: 16px;\">Once you consent to participate in this study, you will follow a next arrow to the study survey and begin by answering some population-specific questions. One of these questions will include creating a unique identifier which will be used for future surveys in this study. This unique identifier will also be used to remove your data if you choose to not remain in the study. From there you will complete a student self-assessment about your experiences with programming, data processing, project management, and what you plan to get out of the workshop. The survey should take approximately 10-15 minutes to complete.<\/span><\/span>\n\n<div>&nbsp;\n<p><span style=\"color:#000000;\"><span style=\"font-size:16px;\"><span style=\"font-family:Arial,Helvetica,sans-serif;\">Your responses in this survey will be used to create learner personas. These personas will then be used for the creation and design of workshop materials. The researchers will then take feedback from the workshop to improve materials for each type of learner persona.<\/span><\/span><\/span><\/p>\n<\/div>\n\n<div>\n<p><span style=\"color:#000000;\"><span style=\"font-size:16px;\"><span style=\"font-family:Arial,Helvetica,sans-serif;\">This information will be used to create learner personas which gives instructors a sense of who is attending the workshop and what needs learners need before, during, and after the workshop ends. It will also help determine what kind of workshop is better suited for each kind of learner persona.<\/span><\/span><\/span><\/p>\n\n<p><span style=\"color:#000000;\"><span style=\"font-size:16px;\"><span style=\"font-family:Arial,Helvetica,sans-serif;\">&nbsp;<\/span><\/span><\/span><\/p>\n\n<p><span style=\"color:#000000;\"><span style=\"font-size:16px;\"><span style=\"font-family:Arial,Helvetica,sans-serif;\">This consent form can be taken anywhere and survey can be taken anywhere. Workshops are planned for Fall 2020-Spring 20201. Your responses from this survey will be matched up with subsequent workshop assessments, if you do attend workshops, using your de-identified ID. You may choose to attend and register for the workshop even if you do not wish to partake in this study.<\/span><\/span><\/span><\/p>\n\n<p><span style=\"color:#000000;\"><span style=\"font-size:16px;\"><span style=\"font-family:Arial,Helvetica,sans-serif;\">&nbsp;<\/span><\/span><\/span><\/p>\n\n<p><span style=\"color:#000000;\"><span style=\"font-size:16px;\"><span style=\"font-family:Arial,Helvetica,sans-serif;\">This study is designed that individuals will take a student self-assessment prior to workshop creation. As workshops are delivered, pre and post assessment will be performed on each workshop. A subsequent long-term survey may be issued. You are invited to participate in any of the subsequent surveys as well as the current student self-assessment. <\/span><\/span><\/span><\/p>\n\n<p><span style=\"color:#000000;\"><span style=\"font-size:16px;\"><span style=\"font-family:Arial,Helvetica,sans-serif;\">&nbsp;<\/span><\/span><\/span><\/p>\n\n<p><span style=\"color:#000000;\"><span style=\"font-size:16px;\"><span style=\"font-family:Arial,Helvetica,sans-serif;\">Your de-identified (anonymous) survey responses will be shared on an open science platform such as the Open Science Framework (https:\/\/osf.io\/), GitHub (https:\/\/github.com\/), Zenodo (https:\/\/zenodo.org\/), and\/or VTechData (https:\/\/data.lib.vt.edu\/).<\/span><\/span><\/span><\/p>\n<\/div>\n<\/div>","DefaultChoices":false,"DataExportTag":"Q1.1","QuestionID":"QID29","QuestionType":"DB","Selector":"TB","Configuration":{"QuestionDescriptionOption":"UseText"},"QuestionDescription":"VIRGINIA POLYTECHNIC INSTITUTE AND STATE UNIVERSITY\u00a0Research Study ConsentTitle of research study...","ChoiceOrder":[],"Validation":{"Settings":{"Type":"None"}},"GradingData":[],"Language":[],"NextChoiceId":11,"NextAnswerId":1,"DataVisibility":{"Private":false,"Hidden":false},"QuestionText_Unsafe":"<span style=\"color:#000000;\"><span style=\"font-family:Arial,Helvetica,sans-serif;\"><span style=\"font-size:16px\"><u><strong>VIRGINIA POLYTECHNIC INSTITUTE AND STATE UNIVERSITY&nbsp;<\/strong><\/u><br \/>\n<strong>Research Study Consent<\/strong><\/span><br \/>\n<span style=\"font-size:16px;\"><strong>Title of research study:<\/strong> <span style=\"font-weight:normal\"><span style=\"font-style:normal\">Data science workshops for biomedical and health professionals: Persona identification and workshop assessment<\/span><\/span><\/span><\/span><br \/>\n<span style=\"font-family:Arial,Helvetica,sans-serif;\"><span style=\"font-size:16px;\"><strong>Principal Investigator:<\/strong> Anne M Brown, PhD&nbsp;<\/span><\/span><br \/>\n<span style=\"font-size:16px;\"><strong>Other study contact(s):<\/strong> &nbsp;Daniel Chen<\/span><br \/>\n<span style=\"font-family:Arial,Helvetica,sans-serif;\"><span style=\"font-size:16px;\"><strong>Department<\/strong>: Research and Informatics, University Libraries<br \/>\n<strong>Telephone Number<\/strong>: 540-231-9231<br \/>\n<strong>Email Addresses<\/strong>: ambrown7@vt.edu, chend@vt.eu<\/span><\/span><\/span>\n<p>&nbsp;<\/p>\n<span style=\"color:#000000;\"> <span style=\"font-size:16px;\"><span style=\"font-family:Arial,Helvetica,sans-serif;\"><span style=\"font-weight: normal; font-style: normal;\"><strong>Key Information<\/strong>:<\/span><span style=\"font-weight: normal;\"> <\/span><span style=\"font-weight: normal; font-style: normal;\">The following is a short summary of this study to help you decide whether or not to be a part of this study. More detailed information is listed later on in this form. This confidential survey is intended to identify key characteristics of learners (i.e., learner personas) attending a data science workshop geared towards medical and biomedical practitioners. Your responses are anonymous and will become part of summary data included in a report that is compiled by Daniel Chen from the Genetics, Bioinformatics, and Computational Biology (GBCB) PhD program at Virginia Tech.<\/span> <span style=\"font-weight: normal; font-style: normal;\">Detailed Information:<\/span><span style=\"font-weight: normal;\"> <\/span><span style=\"font-weight: normal; font-style: normal;\">The following is more detailed information about this study in addition to the information listed above.<\/span><br \/>\n<br \/>\n<strong>Who can I talk to?<\/strong><\/span><\/span><\/span>\n\n<div><span style=\"color:#000000;\"><span style=\"font-family: Arial, Helvetica, sans-serif; font-size: 16px;\">If you have questions, concerns, or complaints, or think the research has hurt you, talk to the research team at Anne Brown (ambrown7@vt.edu) or Daniel Chen (chend@vt.edu).<\/span><\/span><\/div>\n\n<div>&nbsp;<\/div>\n\n<div><span style=\"color:#000000;\"><span style=\"font-family: Arial, Helvetica, sans-serif; font-size: 16px;\">This research has been reviewed by the Virginia Tech Institutional Review Board (IRB). You may communicate with them at 540-231-3732 or irb@vt.edu if:You have questions about your rights as a research subject Your questions, concerns, or complaints are not being answered by the research team You cannot reach the research team You want to talk to someone besides the research team to provide feedback about this research.<\/span><\/span><\/div>\n\n<div>&nbsp;\n<p><span style=\"color:#000000;\"><span style=\"font-size:16px;\"><span style=\"font-family:Arial,Helvetica,sans-serif;\"><strong>How many people will be studied?<\/strong><br \/>\nWe plan to include about 100-150 people in this research study.<\/span><\/span><\/span><\/p>\n\n<p>&nbsp;<\/p>\n<span style=\"color:#000000;\"><span style=\"font-size:16px;\"><span style=\"font-family:Arial,Helvetica,sans-serif;\"><span style=\"font-weight: normal; font-style: normal;\"><strong>What happens if I say yes, I want to be in this research?<\/strong><\/span><\/span><\/span><br \/>\n<span style=\"font-family: Arial, Helvetica, sans-serif; font-size: 16px;\">Once you consent to participate in this study, you will follow a next arrow to the study survey and begin by answering some population-specific questions. One of these questions will include creating a unique identifier which will be used for future surveys in this study. This unique identifier will also be used to remove your data if you choose to not remain in the study. From there you will complete a student self-assessment about your experiences with programming, data processing, project management, and what you plan to get out of the workshop. The survey should take approximately 10-15 minutes to complete.<\/span><\/span>\n\n<div>&nbsp;\n<p><span style=\"color:#000000;\"><span style=\"font-size: 16px;\"><span style=\"font-family: Arial, Helvetica, sans-serif;\">Your responses in this survey will be used to create learner personas. These personas will then be used for the creation and design of workshop materials. The researchers will then take feedback from the workshop to improve materials for each type of learner persona.<\/span><\/span><\/span><\/p>\n<span style=\"color:#000000;\"><span style=\"font-size:16px;\"><span style=\"font-family:Arial,Helvetica,sans-serif;\">This information will be used to create learner personas which gives instructors a sense of who is attending the workshop and what needs learners need before, during, and after the workshop ends. It will also help determine what kind of workshop is better suited for each kind of learner persona.<br \/>\n<br \/>\nThis consent form can be taken anywhere and survey can be taken anywhere. Workshops are planned for Fall 2020-Spring 20201. Your responses from this survey will be matched up with later surveys, if you do attend workshops, using your de-identified ID. You may choose to attend and register for the workshop even if you do not wish to partake in this study.<br \/>\n<br \/>\nAnother (separate) study will be conducted around the workshop where may be asked to consent to another set of surveys.<br \/>\n&nbsp;<br \/>\nYour de-identified (anonymous) survey responses will be shared on an open science platform such as the Open Science Framework (https:\/\/osf.io\/), GitHub (https:\/\/github.com\/), Zenodo (https:\/\/zenodo.org\/), and\/or VTechData (https:\/\/data.lib.vt.edu\/).<\/span><\/span><\/span> <u> <\/u><\/div>\n<\/div>"}},{"SurveyID":"SV_3IQqdgyFCeLd0BD","Element":"SQ","PrimaryAttribute":"QID21","SecondaryAttribute":"What do you want to know or be able to do after this workshop (or series of sessions) that you do...","TertiaryAttribute":null,"Payload":{"QuestionText":"What do you want to know or be able to do after this workshop (or series of sessions) that you don't know or can't do right now?","DefaultChoices":false,"DataExportTag":"Q7.4","QuestionType":"TE","Selector":"SL","Configuration":{"QuestionDescriptionOption":"UseText"},"QuestionDescription":"What do you want to know or be able to do after this workshop (or series of sessions) that you do...","Validation":{"Settings":{"ForceResponse":"OFF","ForceResponseType":"ON","Type":"None"}},"GradingData":[],"Language":[],"NextChoiceId":4,"NextAnswerId":1,"SearchSource":{"AllowFreeResponse":"false"},"QuestionID":"QID21","QuestionText_Unsafe":"What do you want to know or be able to do after this workshop that you don't know or can't do right now?","DataVisibility":{"Private":false,"Hidden":false}}},{"SurveyID":"SV_3IQqdgyFCeLd0BD","Element":"SQ","PrimaryAttribute":"QID4","SecondaryAttribute":"What gender do you most identify with?","TertiaryAttribute":null,"Payload":{"QuestionText":"What gender do you most identify with?","DataExportTag":"Q2.5","QuestionType":"MC","Selector":"SAVR","SubSelector":"TX","Configuration":{"QuestionDescriptionOption":"UseText"},"QuestionDescription":"What gender do you most identify with?","Choices":{"1":{"Display":"Female"},"2":{"Display":"Gender variant\/non-conforming"},"3":{"Display":"Male"},"4":{"Display":"Prefer not to say"},"5":{"Display":"Prefer to self describe","TextEntry":"true"}},"ChoiceOrder":[1,2,3,4,5],"Validation":{"Settings":{"ForceResponse":"OFF","ForceResponseType":"ON","Type":"None"}},"Language":[],"NextChoiceId":6,"NextAnswerId":1,"QuestionID":"QID4","DataVisibility":{"Private":false,"Hidden":false},"QuestionText_Unsafe":"What gender do you most identify with?"}},{"SurveyID":"SV_3IQqdgyFCeLd0BD","Element":"SQ","PrimaryAttribute":"QID32","SecondaryAttribute":"What happens if I say yes, but I change my mind later? You can leave the research at any time, fo...","TertiaryAttribute":null,"Payload":{"QuestionText":"<strong><span style=\"color:#000000;\"><span style=\"font-size:16px;\"><span style=\"font-family:Arial,Helvetica,sans-serif;\">What happens if I say yes, but I change my mind later?<\/span><\/span><\/span><\/strong>\n<p><span style=\"font-size:16px;\"><span style=\"font-family:Arial,Helvetica,sans-serif;\"><span style=\"color:#000000;\"><span style=\"background: white none repeat scroll 0% 0%;\">You can leave the research at any time, for any reason, and it will not be held against you.<\/span><\/span><\/span><\/span><\/p>\n\n<p><span style=\"font-size:16px;\"><span style=\"font-family:Arial,Helvetica,sans-serif;\"><span style=\"color:#000000;\"><span style=\"background: white none repeat scroll 0% 0%;\">&nbsp;<\/span><\/span><\/span><\/span><\/p>\n\n<p><span style=\"font-size:16px;\"><span style=\"font-family:Arial,Helvetica,sans-serif;\"><span style=\"color:#000000;\"><span style=\"background: white none repeat scroll 0% 0%;\">You will still be allowed to participate in the workshop without completing this survey.<\/span><\/span><\/span><\/span><\/p>\n\n<p><span style=\"font-size:16px;\"><span style=\"font-family:Arial,Helvetica,sans-serif;\"><span style=\"color:#000000;\">&nbsp;<\/span><\/span><\/span><\/p>\n\n<p><span style=\"font-size:16px;\"><span style=\"font-family:Arial,Helvetica,sans-serif;\"><span style=\"color:#000000;\">If you decide to leave the research, you can discontinue filling out the survey by closing your web browser. Incomplete responses will not be used in the data analysis. If you already filled out the survey and wish to withdraw your participation, please let one of the study investigators know You can decide to pull all your information from analysis, or only withdraw from any follow-up surveys. If you decide to leave the research, no consequences will occur.<\/span><\/span><\/span><\/p>\n\n<div>\n<p>&nbsp;<\/p>\n<strong><span style=\"color:#000000;\"><span style=\"font-size:16px;\"><span style=\"font-family:Arial,Helvetica,sans-serif;\">Is there any way being in this study could be bad for me? (Detailed Risks)<\/span><\/span><\/span><\/strong>\n\n<p><span style=\"color: rgb(0, 0, 0); font-family: Arial, Helvetica, sans-serif; font-size: 16px;\">During the process of completing the survey, you will be asked questions about programming experience and your thoughts and attitudes surrounding the subject of statistics and data management. If there are any questions you would rather not answer or that you do not feel comfortable answering, you can move on to the next question.<\/span><\/p>\n\n<p>&nbsp;<\/p>\n\n<p><span style=\"color:#000000;\"><span style=\"font-size:16px;\"><span style=\"font-family:Arial,Helvetica,sans-serif;\">There is minimal risk the by being a part of this study you could experience physical, psychological, privacy, legal, social, economic, or emotional distress given the subject of the survey.<\/span><\/span><\/span><\/p>\n\n<p>&nbsp;<\/p>\n\n<p><span style=\"color:#000000;\"><span style=\"font-size:16px;\"><span style=\"font-family:Arial,Helvetica,sans-serif;\">This study is not meant to gather information about specific individuals, and the information you provide will be combined with that of other survey participants to gather information.<\/span><\/span><\/span><\/p>\n\n<p>&nbsp;<\/p>\n<strong><span style=\"color:#000000;\"><span style=\"font-size:16px;\"><span style=\"font-family:Arial,Helvetica,sans-serif;\"> What happens to the information collected for the research?<\/span><\/span><\/span><\/strong>\n\n<p><span style=\"color:#000000;\"><span style=\"font-size:16px;\"><span style=\"font-family:Arial,Helvetica,sans-serif;\">We will make every effort to limit the use and disclosure of your personal information, including research study and medical records, only to people who have a need to review this information. We cannot promise complete confidentiality. Organizations that may inspect and copy your information include the IRB, Human Research Protection Program, and other authorized representatives of Virginia Tech.<\/span><\/span><\/span><\/p>\n\n<p><span style=\"color:#000000;\"><span style=\"font-size:16px;\"><span style=\"font-family:Arial,Helvetica,sans-serif;\">&nbsp;<\/span><\/span><\/span><\/p>\n\n<p><span style=\"color:#000000;\"><span style=\"font-size:16px;\"><span style=\"font-family:Arial,Helvetica,sans-serif;\">Your de-identified (anonymous) survey responses will be shared on an open science platform such as the Open Science Framework (https:\/\/osf.io\/), GitHub (https:\/\/github.com\/), Zenodo (https:\/\/zenodo.org\/), and\/or VTechData (https:\/\/data.lib.vt.edu\/).<\/span><\/span><\/span><\/p>\n\n<p><span style=\"color:#000000;\"><span style=\"font-size:16px;\"><span style=\"font-family:Arial,Helvetica,sans-serif;\">&nbsp;<\/span><\/span><\/span><\/p>\n\n<p><span style=\"color:#000000;\"><span style=\"font-size:16px;\"><span style=\"font-family:Arial,Helvetica,sans-serif;\">Your data could be used for future research studies or distributed to another investigator for future research studies without your additional informed consent.<\/span><\/span><\/span><\/p>\n\n<p><span style=\"color:#000000;\"><span style=\"font-size:16px;\"><span style=\"font-family:Arial,Helvetica,sans-serif;\">&nbsp;<\/span><\/span><\/span><\/p>\n\n<p><span style=\"color:#000000;\"><span style=\"font-size:16px;\"><span style=\"font-family:Arial,Helvetica,sans-serif;\">The results of this research study may be presented in summary form at conferences, in presentations, reports to the sponsor, academic papers, and as part of a thesis\/dissertation.<\/span><\/span><\/span><\/p>\n\n<p>&nbsp;<\/p>\n<strong><span style=\"color:#000000;\"><span style=\"font-size:16px;\"><span style=\"font-family:Arial,Helvetica,sans-serif;\"> Can I be removed from the research without my OK?<\/span><\/span><\/span><\/strong>\n\n<p><span style=\"color:#000000;\"><span style=\"font-size:16px;\"><span style=\"font-family:Arial,Helvetica,sans-serif;\">The person in charge of the research study or the sponsor can remove you from the research study without your approval. Possible reasons for removal include incomplete responses.<\/span><\/span><\/span><\/p>\n\n<p>&nbsp;<\/p>\n<strong><span style=\"color:#000000;\"><span style=\"font-size:16px;\"><span style=\"font-family:Arial,Helvetica,sans-serif;\"> What else do I need to know?<\/span><\/span><\/span><\/strong>\n\n<p><span style=\"color:#000000;\"><span style=\"font-size:16px;\"><span style=\"font-family:Arial,Helvetica,sans-serif;\">Any expenses accrued for seeking or receiving medical or mental health treatment will be your responsibility and not that of the research project, research team, or Virginia Tech.<\/span><\/span><\/span><\/p>\n<\/div>","DefaultChoices":false,"DataExportTag":"Q1.2","QuestionType":"DB","Selector":"TB","Configuration":{"QuestionDescriptionOption":"UseText"},"QuestionDescription":"What happens if I say yes, but I change my mind later? You can leave the research at any time, fo...","ChoiceOrder":[],"Validation":{"Settings":{"Type":"None"}},"GradingData":[],"Language":[],"NextChoiceId":4,"NextAnswerId":1,"QuestionID":"QID32","DataVisibility":{"Private":false,"Hidden":false},"QuestionText_Unsafe":"<strong><span style=\"color:#000000;\"><span style=\"font-size:16px;\"><span style=\"font-family:Arial,Helvetica,sans-serif;\">What happens if I say yes, but I change my mind later?<\/span><\/span><\/span><\/strong><br>\n<span style=\"font-family: Arial, Helvetica, sans-serif; font-size: 16px; color: rgb(0, 0, 0);\">You can leave the research at any time, for any reason, and it will not be held against you.<\/span>\n<div>&nbsp;\n<p><span style=\"color:#000000;\"><span style=\"font-size:16px;\"><span style=\"font-family:Arial,Helvetica,sans-serif;\">If you decide to leave the research, you can discontinue filling out the survey by closing your web browser. Incomplete responses will not be used in the data analysis. If you already filled out the survey and wish to withdraw your participation, please let one of the study investigators know You can decide to pull all your information from analysis, or only withdraw from any follow-up surveys. If you decide to leave the research, no consequences will occur.<\/span><\/span><\/span><\/p>\n\n<p>&nbsp;<\/p>\n<strong><span style=\"color:#000000;\"><span style=\"font-size:16px;\"><span style=\"font-family:Arial,Helvetica,sans-serif;\">Is there any way being in this study could be bad for me? (Detailed Risks)<\/span><\/span><\/span><\/strong>\n\n<p><span style=\"color: rgb(0, 0, 0); font-family: Arial, Helvetica, sans-serif; font-size: 16px;\">During the process of completing the survey, you will be asked questions about programming experience and your thoughts and attitudes surrounding the subject of statistics and data management. If there are any questions you would rather not answer or that you do not feel comfortable answering, you can move on to the next question.<\/span><\/p>\n\n<p>&nbsp;<\/p>\n\n<p><span style=\"color:#000000;\"><span style=\"font-size:16px;\"><span style=\"font-family:Arial,Helvetica,sans-serif;\">There is minimal risk the by being a part of this study you could experience physical, psychological, privacy, legal, social, economic, or emotional distress given the subject of the survey.<\/span><\/span><\/span><\/p>\n\n<p>&nbsp;<\/p>\n\n<p><span style=\"color:#000000;\"><span style=\"font-size:16px;\"><span style=\"font-family:Arial,Helvetica,sans-serif;\">This study is not meant to gather information about specific individuals, and the information you provide will be combined with that of other survey participants to gather information.<\/span><\/span><\/span><\/p>\n\n<p>&nbsp;<\/p>\n<strong><span style=\"color:#000000;\"><span style=\"font-size:16px;\"><span style=\"font-family:Arial,Helvetica,sans-serif;\"> What happens to the information collected for the research?<\/span><\/span><\/span><\/strong>\n\n<p><span style=\"color:#000000;\"><span style=\"font-size:16px;\"><span style=\"font-family:Arial,Helvetica,sans-serif;\">We will make every effort to limit the use and disclosure of your personal information, including research study and medical records, only to people who have a need to review this information. We cannot promise complete confidentiality. Organizations that may inspect and copy your information include the IRB, Human Research Protection Program, and other authorized representatives of Virginia Tech. <\/span><\/span><\/span><\/p>\n\n<p>&nbsp;<\/p>\n\n<p><span style=\"color:#000000;\"><span style=\"font-size:16px;\"><span style=\"font-family:Arial,Helvetica,sans-serif;\">Your de-identified (anonymous) survey responses will be shared on an open science platform such as the Open Science Framework (https:\/\/osf.io\/), GitHub (https:\/\/github.com\/), Zenodo (https:\/\/zenodo.org\/), and\/or VTechData (https:\/\/data.lib.vt.edu\/).<\/span><\/span><\/span><\/p>\n\n<p>&nbsp;<\/p>\n\n<p><span style=\"color:#000000;\"><span style=\"font-size:16px;\"><span style=\"font-family:Arial,Helvetica,sans-serif;\">Your data could be used for future research studies or distributed to another investigator for future research studies without your additional informed consent.<\/span><\/span><\/span><\/p>\n\n<p>&nbsp;<\/p>\n\n<p><span style=\"color:#000000;\"><span style=\"font-size:16px;\"><span style=\"font-family:Arial,Helvetica,sans-serif;\">The results of this research study may be presented in summary form at conferences, in presentations, reports to the sponsor, academic papers, and as part of a thesis\/dissertation.<\/span><\/span><\/span><\/p>\n\n<p>&nbsp;<\/p>\n<strong><span style=\"color:#000000;\"><span style=\"font-size:16px;\"><span style=\"font-family:Arial,Helvetica,sans-serif;\"> Can I be removed from the research without my OK?<\/span><\/span><\/span><\/strong>\n\n<p><span style=\"color:#000000;\"><span style=\"font-size:16px;\"><span style=\"font-family:Arial,Helvetica,sans-serif;\">The person in charge of the research study or the sponsor can remove you from the research study without your approval. Possible reasons for removal include incomplete responses.<\/span><\/span><\/span><\/p>\n\n<p>&nbsp;<\/p>\n<strong><span style=\"color:#000000;\"><span style=\"font-size:16px;\"><span style=\"font-family:Arial,Helvetica,sans-serif;\"> What else do I need to know?<\/span><\/span><\/span><\/strong>\n\n<p><span style=\"color:#000000;\"><span style=\"font-size:16px;\"><span style=\"font-family:Arial,Helvetica,sans-serif;\">Any expenses accrued for seeking or receiving medical or mental health treatment will be your responsibility and not that of the research project, research team, or Virginia Tech.<\/span><\/span><\/span><\/p>\n<\/div>"}},{"SurveyID":"SV_3IQqdgyFCeLd0BD","Element":"SQ","PrimaryAttribute":"QID2","SecondaryAttribute":"What is your current occupation\/career stage (select all that apply).","TertiaryAttribute":null,"Payload":{"QuestionText":"What is your current occupation\/career stage (select all that apply).","DataExportTag":"Q2.3","QuestionType":"MC","Selector":"MAVR","SubSelector":"TX","Configuration":{"QuestionDescriptionOption":"UseText"},"QuestionDescription":"What is your current occupation\/career stage (select all that apply).","Choices":{"1":{"Display":"DO\/MD"},"2":{"Display":"RN\/PA"},"3":{"Display":"Academic"},"4":{"Display":"Analyst"},"5":{"Display":"Student (Masters e.g., MPH)"},"6":{"Display":"Student (MD\/DO)"},"7":{"Display":"Student (Nurse, PA)"},"8":{"Display":"Student (Graduate)"},"9":{"Display":"Student (Undergraduate)"},"10":{"Display":"Other, please describe","TextEntry":"true"},"11":{"Display":"iTHRIV Scholar"},"12":{"Display":"DVM"},"13":{"Display":"Student (DVM)"}},"ChoiceOrder":[1,"12",2,3,4,5,6,"13",7,8,9,"11",10],"Validation":{"Settings":{"ForceResponse":"OFF","ForceResponseType":"ON","Type":"None"}},"Language":[],"NextChoiceId":14,"NextAnswerId":1,"QuestionID":"QID2","DataVisibility":{"Private":false,"Hidden":false},"QuestionText_Unsafe":"What is your current occupation\/career stage"}},{"SurveyID":"SV_3IQqdgyFCeLd0BD","Element":"SQ","PrimaryAttribute":"QID3","SecondaryAttribute":"What operating system will be on the computer you are using at the workshop?","TertiaryAttribute":null,"Payload":{"QuestionText":"What operating system will be on the computer you are using at the workshop?","DataExportTag":"Q2.4","QuestionType":"MC","Selector":"SAVR","SubSelector":"TX","Configuration":{"QuestionDescriptionOption":"UseText"},"QuestionDescription":"What operating system will be on the computer you are using at the workshop?","Choices":{"1":{"Display":"Windows"},"2":{"Display":"macOS"},"3":{"Display":"Linux"},"4":{"Display":"Not sure"}},"ChoiceOrder":[1,2,3,4],"Validation":{"Settings":{"ForceResponse":"OFF","ForceResponseType":"ON","Type":"None"}},"Language":[],"NextChoiceId":5,"NextAnswerId":1,"QuestionID":"QID3","DataVisibility":{"Private":false,"Hidden":false},"QuestionText_Unsafe":"What operating system will be on the computer you are using at the workshop?"}},{"SurveyID":"SV_3IQqdgyFCeLd0BD","Element":"SQ","PrimaryAttribute":"QID23","SecondaryAttribute":"What programming languages have you used in the past? Select all that apply.","TertiaryAttribute":null,"Payload":{"QuestionText":"What programming languages have you used in the past? Select all that apply.","DataExportTag":"Q3.2","QuestionType":"MC","Selector":"MAVR","SubSelector":"TX","Configuration":{"QuestionDescriptionOption":"UseText"},"QuestionDescription":"What programming languages have you used in the past? Select all that apply.","Choices":{"1":{"Display":"VBA (Visual Basic for Applications)"},"2":{"Display":"Python"},"3":{"Display":"R"},"4":{"Display":"Perl"},"5":{"Display":"Matlab"},"6":{"Display":"Javascript"},"7":{"Display":"C"},"8":{"Display":"C++"},"9":{"Display":"Fortran"},"10":{"Display":"Other, please list","TextEntry":"true"}},"ChoiceOrder":[1,2,3,4,5,6,7,8,9,10],"Validation":{"Settings":{"ForceResponse":"OFF","ForceResponseType":"ON","Type":"None"}},"Language":[],"NextChoiceId":11,"NextAnswerId":1,"QuestionID":"QID23","QuestionText_Unsafe":"What programming languages have you used in the past? Select all that apply.","DataVisibility":{"Private":false,"Hidden":false}}},{"SurveyID":"SV_3IQqdgyFCeLd0BD","Element":"SQ","PrimaryAttribute":"QID17","SecondaryAttribute":"Which of the following best describes how do you manage your data and analysis?","TertiaryAttribute":null,"Payload":{"QuestionText":"Which of the following best describes how do you manage your data and analysis?","DataExportTag":"Q5.2","QuestionType":"MC","Selector":"SAVR","SubSelector":"TX","Configuration":{"QuestionDescriptionOption":"UseText"},"QuestionDescription":"Which of the following best describes how do you manage your data and analysis?","Choices":{"1":{"Display":"I don't do data and\/or analysis work"},"2":{"Display":"My data and analysis are all in excel files, possibly with multiple sheets."},"3":{"Display":"I work on carefully time-stamped excel files for my version control and analysis"},"4":{"Display":"I use some programming language to load in my data sets for analysis, but sometimes modify my original data files when cleaning the data"},"5":{"Display":"I hold my original data sacred, and only work on it from another program and save out intermediate and final data projects as separate files"},"6":{"Display":"I have a very specific project structure where data and analysis are kept in separate areas and have a version control system (e.g., Git, SVN)"},"7":{"Display":"I have version controlled project templates along with build scripts (e.g., Makefile) to reproduce various aspects of the analysis"}},"ChoiceOrder":[1,2,3,4,5,6,7],"Validation":{"Settings":{"ForceResponse":"OFF","ForceResponseType":"ON","Type":"None"}},"Language":[],"NextChoiceId":8,"NextAnswerId":1,"QuestionID":"QID17","QuestionText_Unsafe":"How do you manage your data and analysis?","DataVisibility":{"Private":false,"Hidden":false}}},{"SurveyID":"SV_3IQqdgyFCeLd0BD","Element":"SQ","PrimaryAttribute":"QID10","SecondaryAttribute":"Which of these best describes how easily you could write a program (in any language) to find the...","TertiaryAttribute":null,"Payload":{"QuestionText":"Which of these best describes how easily you could write a program (in any language) to find the largest number in a list?","DataExportTag":"Q3.5","QuestionType":"MC","Selector":"SAVR","SubSelector":"TX","Configuration":{"QuestionDescriptionOption":"UseText"},"QuestionDescription":"Which of these best describes how easily you could write a program (in any language) to find the...","Choices":{"1":{"Display":"I wouldn\u2019t know where to start"},"2":{"Display":"I could struggle through by trial and error with a lot of web searches"},"3":{"Display":"I could do it quickly with little or no use of external help"},"4":{"Display":"I could struggle through, but not confident I could do it"}},"ChoiceOrder":["1","4","2","3"],"Validation":{"Settings":{"ForceResponse":"OFF","ForceResponseType":"ON","Type":"None"}},"Language":[],"NextChoiceId":5,"NextAnswerId":1,"QuestionID":"QID10","DataVisibility":{"Private":false,"Hidden":false},"QuestionText_Unsafe":"Which of these best describes how easily you could write a program (in any language) to find the largest number in a list?"}},{"SurveyID":"SV_3IQqdgyFCeLd0BD","Element":"SQ","PrimaryAttribute":"QID18","SecondaryAttribute":"Why are you participating in this workshop? Please check all that apply. ","TertiaryAttribute":null,"Payload":{"QuestionText":"Why are you participating in this workshop? Please check all that apply.&nbsp;","DataExportTag":"Q7.1","QuestionType":"MC","Selector":"MAVR","SubSelector":"TX","Configuration":{"QuestionDescriptionOption":"UseText"},"QuestionDescription":"Why are you participating in this workshop? Please check all that apply. ","Choices":{"1":{"Display":"To learn new skills"},"2":{"Display":"To refresh or review my skills"},"3":{"Display":"To learn skills that I can apply to my current work"},"4":{"Display":"To learn skills that I can apply to my work in the future"},"5":{"Display":"To learn skills that will help me get a job or a promotion"},"6":{"Display":"As a requirement for my program or current position"}},"ChoiceOrder":[1,2,3,4,5,6],"Validation":{"Settings":{"ForceResponse":"OFF","ForceResponseType":"ON","Type":"None"}},"Language":[],"NextChoiceId":11,"NextAnswerId":1,"QuestionID":"QID18","DataVisibility":{"Private":false,"Hidden":false},"QuestionText_Unsafe":"Why are you participating in this workshop? Please check all that apply.&nbsp;"}}]}